
Microsoft Visual Studio Solution File, Format Version 12.00
# Visual Studio 15
VisualStudioVersion = 15.0.27130.2003
MinimumVisualStudioVersion = 10.0.40219.1
Project("{8BC9CEB8-8B4A-11D0-8D11-00A0C91BC942}") = "WebSocketServer", "WebSocketServer.vcxproj", "{2DD55446-F26E-4BBA-8CBC-0677EF646017}"
EndProject
Global
	GlobalSection(SolutionConfigurationPlatforms) = preSolution
		Debug|x64 = Debug|x64
		Debug|x86 = Debug|x86
		Release|x64 = Release|x64
		Release|x86 = Release|x86
	EndGlobalSection
	GlobalSection(ProjectConfigurationPlatforms) = postSolution
		{2DD55446-F26E-4BBA-8CBC-0677EF646017}.Debug|x64.ActiveCfg = Debug|x64
		{2DD55446-F26E-4BBA-8CBC-0677EF646017}.Debug|x64.Build.0 = Debug|x64
		{2DD55446-F26E-4BBA-8CBC-0677EF646017}.Debug|x86.ActiveCfg = Debug|Win32
		{2DD55446-F26E-4BBA-8CBC-0677EF646017}.Debug|x86.Build.0 = Debug|Win32
		{2DD55446-F26E-4BBA-8CBC-0677EF646017}.Release|x64.ActiveCfg = Release|x64
		{2DD55446-F26E-4BBA-8CBC-0677EF646017}.Release|x64.Build.0 = Release|x64
		{2DD55446-F26E-4BBA-8CBC-0677EF646017}.Release|x86.ActiveCfg = Release|Win32
		{2DD55446-F26E-4BBA-8CBC-0677EF646017}.Release|x86.Build.0 = Release|Win32
	EndGlobalSection
	GlobalSection(SolutionProperties) = preSolution
		HideSolutionNode = FALSE
	EndGlobalSection
	GlobalSection(ExtensibilityGlobals) = postSolution
		SolutionGuid = {E0CA46F2-9576-4C54-A4B0-DEB31BE6628A}
	EndGlobalSection
EndGlobal
